// !$*UTF8*$!
{
	archiveVersion = 1;
	classes = {
	};
	objectVersion = 46;
	objects = {

/* Begin PBXBuildFile section */
		FF4BC76E1EE74A03004A74D7 /* main.m in Sources */ = {isa = PBXBuildFile; fileRef = FF4BC76D1EE74A03004A74D7 /* main.m */; };
		FF4BC7711EE74A03004A74D7 /* AppDelegate.m in Sources */ = {isa = PBXBuildFile; fileRef = FF4BC7701EE74A03004A74D7 /* AppDelegate.m */; };
		FF4BC7741EE74A03004A74D7 /* ViewController.m in Sources */ = {isa = PBXBuildFile; fileRef = FF4BC7731EE74A03004A74D7 /* ViewController.m */; };
		FF4BC7771EE74A03004A74D7 /* Main.storyboard in Resources */ = {isa = PBXBuildFile; fileRef = FF4BC7751EE74A03004A74D7 /* Main.storyboard */; };
		FF4BC7791EE74A03004A74D7 /* Assets.xcassets in Resources */ = {isa = PBXBuildFile; fileRef = FF4BC7781EE74A03004A74D7 /* Assets.xcassets */; };
		FF4BC77C1EE74A03004A74D7 /* LaunchScreen.storyboard in Resources */ = {isa = PBXBuildFile; fileRef = FF4BC77A1EE74A03004A74D7 /* LaunchScreen.storyboard */; };
		FF4BC7871EE74A03004A74D7 /* AutoLayoutStoryboardTests.m in Sources */ = {isa = PBXBuildFile; fileRef = FF4BC7861EE74A03004A74D7 /* AutoLayoutStoryboardTests.m */; };
/* End PBXBuildFile section */

/* Begin PBXContainerItemProxy section */
		FF4BC7831EE74A03004A74D7 /* PBXContainerItemProxy */ = {
			isa = PBXContainerItemProxy;
			containerPortal = FF4BC7611EE74A03004A74D7 /* Project object */;
			proxyType = 1;
			remoteGlobalIDString = FF4BC7681EE74A03004A74D7;
			remoteInfo = AutoLayoutStoryboard;
		};
/* End PBXContainerItemProxy section */

/* Begin PBXFileReference section */
		FF4BC7691EE74A03004A74D7 /* AutoLayoutStoryboard.app */ = {isa = PBXFileReference; explicitFileType = wrapper.application; includeInIndex = 0; path = AutoLayoutStoryboard.app; sourceTree = BUILT_PRODUCTS_DIR; };
		FF4BC76D1EE74A03004A74D7 /* main.m */ = {isa = PBXFileReference; lastKnownFileType = sourcecode.c.objc; path = main.m; sourceTree = "<group>"; };
		FF4BC76F1EE74A03004A74D7 /* AppDelegate.h */ = {isa = PBXFileReference; lastKnownFileType = sourcecode.c.h; path = AppDelegate.h; sourceTree = "<group>"; };
		FF4BC7701EE74A03004A74D7 /* AppDelegate.m */ = {isa = PBXFileReference; lastKnownFileType = sourcecode.c.objc; path = AppDelegate.m; sourceTree = "<group>"; };
		FF4BC7721EE74A03004A74D7 /* ViewController.h */ = {isa = PBXFileReference; lastKnownFileType = sourcecode.c.h; path = ViewController.h; sourceTree = "<group>"; };
		FF4BC7731EE74A03004A74D7 /* ViewController.m */ = {isa = PBXFileReference; lastKnownFileType = sourcecode.c.objc; path = ViewController.m; sourceTree = "<group>"; };
		FF4BC7761EE74A03004A74D7 /* Base */ = {isa = PBXFileReference; lastKnownFileType = file.storyboard; name = Base; path = Base.lproj/Main.storyboard; sourceTree = "<group>"; };
		FF4BC7781EE74A03004A74D7 /* Assets.xcassets */ = {isa = PBXFileReference; lastKnownFileType = folder.assetcatalog; path = Assets.xcassets; sourceTree = "<group>"; };
		FF4BC77B1EE74A03004A74D7 /* Base */ = {isa = PBXFileReference; lastKnownFileType = file.storyboard; name = Base; path = Base.lproj/LaunchScreen.storyboard; sourceTree = "<group>"; };
		FF4BC77D1EE74A03004A74D7 /* Info.plist */ = {isa = PBXFileReference; lastKnownFileType = text.plist.xml; path = Info.plist; sourceTree = "<group>"; };
		FF4BC7821EE74A03004A74D7 /* AutoLayoutStoryboardTests.xctest */ = {isa = PBXFileReference; explicitFileType = wrapper.cfbundle; includeInIndex = 0; path = AutoLayoutStoryboardTests.xctest; sourceTree = BUILT_PRODUCTS_DIR; };
		FF4BC7861EE74A03004A74D7 /* AutoLayoutStoryboardTests.m */ = {isa = PBXFileReference; lastKnownFileType = sourcecode.c.objc; path = AutoLayoutStoryboardTests.m; sourceTree = "<group>"; };
		FF4BC7881EE74A03004A74D7 /* Info.plist */ = {isa = PBXFileReference; lastKnownFileType = text.plist.xml; path = Info.plist; sourceTree = "<group>"; };
/* End PBXFileReference section */

/* Begin PBXFrameworksBuildPhase section */
		FF4BC7661EE74A03004A74D7 /* Frameworks */ = {
			isa = PBXFrameworksBuildPhase;
			buildActionMask = 2147483647;
			files = (
			);
			runOnlyForDeploymentPostprocessing = 0;
		};
		FF4BC77F1EE74A03004A74D7 /* Frameworks */ = {
			isa = PBXFrameworksBuildPhase;
			buildActionMask = 2147483647;
			files = (
			);
			runOnlyForDeploymentPostprocessing = 0;
		};
/* End PBXFrameworksBuildPhase section */

/* Begin PBXGroup section */
		FF4BC7601EE74A03004A74D7 = {
			isa = PBXGroup;
			children = (
				FF4BC76B1EE74A03004A74D7 /* AutoLayoutStoryboard */,
				FF4BC7851EE74A03004A74D7 /* AutoLayoutStoryboardTests */,
				FF4BC76A1EE74A03004A74D7 /* Products */,
			);
			sourceTree = "<group>";
		};
		FF4BC76A1EE74A03004A74D7 /* Products */ = {
			isa = PBXGroup;
			children = (
				FF4BC7691EE74A03004A74D7 /* AutoLayoutStoryboard.app */,
				FF4BC7821EE74A03004A74D7 /* AutoLayoutStoryboardTests.xctest */,
			);
			name = Products;
			sourceTree = "<group>";
		};
		FF4BC76B1EE74A03004A74D7 /* AutoLayoutStoryboard */ = {
			isa = PBXGroup;
			children = (
				FF4BC76F1EE74A03004A74D7 /* AppDelegate.h */,
				FF4BC7701EE74A03004A74D7 /* AppDelegate.m */,
				FF4BC7721EE74A03004A74D7 /* ViewController.h */,
				FF4BC7731EE74A03004A74D7 /* ViewController.m */,
				FF4BC7751EE74A03004A74D7 /* Main.storyboard */,
				FF4BC7781EE74A03004A74D7 /* Assets.xcassets */,
				FF4BC77A1EE74A03004A74D7 /* LaunchScreen.storyboard */,
				FF4BC77D1EE74A03004A74D7 /* Info.plist */,
				FF4BC76C1EE74A03004A74D7 /* Supporting Files */,
			);
			path = AutoLayoutStoryboard;
			sourceTree = "<group>";
		};
		FF4BC76C1EE74A03004A74D7 /* Supporting Files */ = {
			isa = PBXGroup;
			children = (
				FF4BC76D1EE74A03004A74D7 /* main.m */,
			);
			name = "Supporting Files";
			sourceTree = "<group>";
		};
		FF4BC7851EE74A03004A74D7 /* AutoLayoutStoryboardTests */ = {
			isa = PBXGroup;
			children = (
				FF4BC7861EE74A03004A74D7 /* AutoLayoutStoryboardTests.m */,
				FF4BC7881EE74A03004A74D7 /* Info.plist */,
			);
			path = AutoLayoutStoryboardTests;
			sourceTree = "<group>";
		};
/* End PBXGroup section */

/* Begin PBXNativeTarget section */
		FF4BC7681EE74A03004A74D7 /* AutoLayoutStoryboard */ = {
			isa = PBXNativeTarget;
			buildConfigurationList = FF4BC78B1EE74A03004A74D7 /* Build configuration list for PBXNativeTarget "AutoLayoutStoryboard" */;
			buildPhases = (
				FF4BC7651EE74A03004A74D7 /* Sources */,
				FF4BC7661EE74A03004A74D7 /* Frameworks */,
				FF4BC7671EE74A03004A74D7 /* Resources */,
			);
			buildRules = (
			);
			dependencies = (
			);
			name = AutoLayoutStoryboard;
			productName = AutoLayoutStoryboard;
			productReference = FF4BC7691EE74A03004A74D7 /* AutoLayoutStoryboard.app */;
			productType = "com.apple.product-type.application";
		};
		FF4BC7811EE74A03004A74D7 /* AutoLayoutStoryboardTests */ = {
			isa = PBXNativeTarget;
			buildConfigurationList = FF4BC78E1EE74A03004A74D7 /* Build configuration list for PBXNativeTarget "AutoLayoutStoryboardTests" */;
			buildPhases = (
				FF4BC77E1EE74A03004A74D7 /* Sources */,
				FF4BC77F1EE74A03004A74D7 /* Frameworks */,
				FF4BC7801EE74A03004A74D7 /* Resources */,
			);
			buildRules = (
			);
			dependencies = (
				FF4BC7841EE74A03004A74D7 /* PBXTargetDependency */,
			);
			name = AutoLayoutStoryboardTests;
			productName = AutoLayoutStoryboardTests;
			productReference = FF4BC7821EE74A03004A74D7 /* AutoLayoutStoryboardTests.xctest */;
			productType = "com.apple.product-type.bundle.unit-test";
		};
/* End PBXNativeTarget section */

/* Begin PBXProject section */
		FF4BC7611EE74A03004A74D7 /* Project object */ = {
			isa = PBXProject;
			attributes = {
				LastUpgradeCheck = 0810;
				ORGANIZATIONNAME = "Jimmy Hoang";
				TargetAttributes = {
					FF4BC7681EE74A03004A74D7 = {
						CreatedOnToolsVersion = 8.1;
						ProvisioningStyle = Automatic;
					};
					FF4BC7811EE74A03004A74D7 = {
						CreatedOnToolsVersion = 8.1;
						ProvisioningStyle = Automatic;
						TestTargetID = FF4BC7681EE74A03004A74D7;
					};
				};
			};
			buildConfigurationList = FF4BC7641EE74A03004A74D7 /* Build configuration list for PBXProject "AutoLayoutStoryboard" */;
			compatibilityVersion = "Xcode 3.2";
			developmentRegion = English;
			hasScannedForEncodings = 0;
			knownRegions = (
				en,
				Base,
			);
			mainGroup = FF4BC7601EE74A03004A74D7;
			productRefGroup = FF4BC76A1EE74A03004A74D7 /* Products */;
			projectDirPath = "";
			projectRoot = "";
			targets = (
				FF4BC7681EE74A03004A74D7 /* AutoLayoutStoryboard */,
				FF4BC7811EE74A03004A74D7 /* AutoLayoutStoryboardTests */,
			);
		};
/* End PBXProject section */

/* Begin PBXResourcesBuildPhase section */
		FF4BC7671EE74A03004A74D7 /* Resources */ = {
			isa = PBXResourcesBuildPhase;
			buildActionMask = 2147483647;
			files = (
				FF4BC77C1EE74A03004A74D7 /* LaunchScreen.storyboard in Resources */,
				FF4BC7791EE74A03004A74D7 /* Assets.xcassets in Resources */,
				FF4BC7771EE74A03004A74D7 /* Main.storyboard in Resources */,
			);
			runOnlyForDeploymentPostprocessing = 0;
		};
		FF4BC7801EE74A03004A74D7 /* Resources */ = {
			isa = PBXResourcesBuildPhase;
			buildActionMask = 2147483647;
			files = (
			);
			runOnlyForDeploymentPostprocessing = 0;
		};
/* End PBXResourcesBuildPhase section */

/* Begin PBXSourcesBuildPhase section */
		FF4BC7651EE74A03004A74D7 /* Sources */ = {
			isa = PBXSourcesBuildPhase;
			buildActionMask = 2147483647;
			files = (
				FF4BC7741EE74A03004A74D7 /* ViewController.m in Sources */,
				FF4BC7711EE74A03004A74D7 /* AppDelegate.m in Sources */,
				FF4BC76E1EE74A03004A74D7 /* main.m in Sources */,
			);
			runOnlyForDeploymentPostprocessing = 0;
		};
		FF4BC77E1EE74A03004A74D7 /* Sources */ = {
			isa = PBXSourcesBuildPhase;
			buildActionMask = 2147483647;
			files = (
				FF4BC7871EE74A03004A74D7 /* AutoLayoutStoryboardTests.m in Sources */,
			);
			runOnlyForDeploymentPostprocessing = 0;
		};
/* End PBXSourcesBuildPhase section */

/* Begin PBXTargetDependency section */
		FF4BC7841EE74A03004A74D7 /* PBXTargetDependency */ = {
			isa = PBXTargetDependency;
			target = FF4BC7681EE74A03004A74D7 /* AutoLayoutStoryboard */;
			targetProxy = FF4BC7831EE74A03004A74D7 /* PBXContainerItemProxy */;
		};
/* End PBXTargetDependency section */

/* Begin PBXVariantGroup section */
		FF4BC7751EE74A03004A74D7 /* Main.storyboard */ = {
			isa = PBXVariantGroup;
			children = (
				FF4BC7761EE74A03004A74D7 /* Base */,
			);
			name = Main.storyboard;
			sourceTree = "<group>";
		};
		FF4BC77A1EE74A03004A74D7 /* LaunchScreen.storyboard */ = {
			isa = PBXVariantGroup;
			children = (
				FF4BC77B1EE74A03004A74D7 /* Base */,
			);
			name = LaunchScreen.storyboard;
			sourceTree = "<group>";
		};
/* End PBXVariantGroup section */

/* Begin XCBuildConfiguration section */
		FF4BC7891EE74A03004A74D7 /* Debug */ = {
			isa = XCBuildConfiguration;
			buildSettings = {
				ALWAYS_SEARCH_USER_PATHS = NO;
				CLANG_ANALYZER_NONNULL = YES;
				CLANG_CXX_LANGUAGE_STANDARD = "gnu++0x";
				CLANG_CXX_LIBRARY = "libc++";
				CLANG_ENABLE_MODULES = YES;
				CLANG_ENABLE_OBJC_ARC = YES;
				CLANG_WARN_BOOL_CONVERSION = YES;
				CLANG_WARN_CONSTANT_CONVERSION = YES;
				CLANG_WARN_DIRECT_OBJC_ISA_USAGE = YES_ERROR;
				CLANG_WARN_DOCUMENTATION_COMMENTS = YES;
				CLANG_WARN_EMPTY_BODY = YES;
				CLANG_WARN_ENUM_CONVERSION = YES;
				CLANG_WARN_INFINITE_RECURSION = YES;
				CLANG_WARN_INT_CONVERSION = YES;
				CLANG_WARN_OBJC_ROOT_CLASS = YES_ERROR;
				CLANG_WARN_SUSPICIOUS_MOVES = YES;
				CLANG_WARN_UNREACHABLE_CODE = YES;
				CLANG_WARN__DUPLICATE_METHOD_MATCH = YES;
				"CODE_SIGN_IDENTITY[sdk=iphoneos*]" = "iPhone Developer";
				COPY_PHASE_STRIP = NO;
				DEBUG_INFORMATION_FORMAT = dwarf;
				ENABLE_STRICT_OBJC_MSGSEND = YES;
				ENABLE_TESTABILITY = YES;
				GCC_C_LANGUAGE_STANDARD = gnu99;
				GCC_DYNAMIC_NO_PIC = NO;
				GCC_NO_COMMON_BLOCKS = YES;
				GCC_OPTIMIZATION_LEVEL = 0;
				GCC_PREPROCESSOR_DEFINITIONS = (
					"DEBUG=1",
					"$(inherited)",
				);
				GCC_WARN_64_TO_32_BIT_CONVERSION = YES;
				GCC_WARN_ABOUT_RETURN_TYPE = YES_ERROR;
				GCC_WARN_UNDECLARED_SELECTOR = YES;
				GCC_WARN_UNINITIALIZED_AUTOS = YES_AGGRESSIVE;
				GCC_WARN_UNUSED_FUNCTION = YES;
				GCC_WARN_UNUSED_VARIABLE = YES;
				IPHONEOS_DEPLOYMENT_TARGET = 10.1;
				MTL_ENABLE_DEBUG_INFO = YES;
				ONLY_ACTIVE_ARCH = YES;
				SDKROOT = iphoneos;
			};
			name = Debug;
		};
		FF4BC78A1EE74A03004A74D7 /* Release */ = {
			isa = XCBuildConfiguration;
			buildSettings = {
				ALWAYS_SEARCH_USER_PATHS = NO;
				CLANG_ANALYZER_NONNULL = YES;
				CLANG_CXX_LANGUAGE_STANDARD = "gnu++0x";
				CLANG_CXX_LIBRARY = "libc++";
				CLANG_ENABLE_MODULES = YES;
				CLANG_ENABLE_OBJC_ARC = YES;
				CLANG_WARN_BOOL_CONVERSION = YES;
				CLANG_WARN_CONSTANT_CONVERSION = YES;
				CLANG_WARN_DIRECT_OBJC_ISA_USAGE = YES_ERROR;
				CLANG_WARN_DOCUMENTATION_COMMENTS = YES;
				CLANG_WARN_EMPTY_BODY = YES;
				CLANG_WARN_ENUM_CONVERSION = YES;
				CLANG_WARN_INFINITE_RECURSION = YES;
				CLANG_WARN_INT_CONVERSION = YES;
				CLANG_WARN_OBJC_ROOT_CLASS = YES_ERROR;
				CLANG_WARN_SUSPICIOUS_MOVES = YES;
				CLANG_WARN_UNREACHABLE_CODE = YES;
				CLANG_WARN__DUPLICATE_METHOD_MATCH = YES;
				"CODE_SIGN_IDENTITY[sdk=iphoneos*]" = "iPhone Developer";
				COPY_PHASE_STRIP = NO;
				DEBUG_INFORMATION_FORMAT = "dwarf-with-dsym";
				ENABLE_NS_ASSERTIONS = NO;
				ENABLE_STRICT_OBJC_MSGSEND = YES;
				GCC_C_LANGUAGE_STANDARD = gnu99;
				GCC_NO_COMMON_BLOCKS = YES;
				GCC_WARN_64_TO_32_BIT_CONVERSION = YES;
				GCC_WARN_ABOUT_RETURN_TYPE = YES_ERROR;
				GCC_WARN_UNDECLARED_SELECTOR = YES;
				GCC_WARN_UNINITIALIZED_AUTOS = YES_AGGRESSIVE;
				GCC_WARN_UNUSED_FUNCTION = YES;
				GCC_WARN_UNUSED_VARIABLE = YES;
				IPHONEOS_DEPLOYMENT_TARGET = 10.1;
				MTL_ENABLE_DEBUG_INFO = NO;
				SDKROOT = iphoneos;
				VALIDATE_PRODUCT = YES;
			};
			name = Release;
		};
		FF4BC78C1EE74A03004A74D7 /* Debug */ = {
			isa = XCBuildConfiguration;
			buildSettings = {
				ASSETCATALOG_COMPILER_APPICON_NAME = AppIcon;
				INFOPLIST_FILE = AutoLayoutStoryboard/Info.plist;
				LD_RUNPATH_SEARCH_PATHS = "$(inherited) @executable_path/Frameworks";
				PRODUCT_BUNDLE_IDENTIFIER = com.example.AutoLayoutStoryboard;
				PRODUCT_NAME = "$(TARGET_NAME)";
			};
			name = Debug;
		};
		FF4BC78D1EE74A03004A74D7 /* Release */ = {
			isa = XCBuildConfiguration;
			buildSettings = {
				ASSETCATALOG_COMPILER_APPICON_NAME = AppIcon;
				INFOPLIST_FILE = AutoLayoutStoryboard/Info.plist;
				LD_RUNPATH_SEARCH_PATHS = "$(inherited) @executable_path/Frameworks";
				PRODUCT_BUNDLE_IDENTIFIER = com.example.AutoLayoutStoryboard;
				PRODUCT_NAME = "$(TARGET_NAME)";
			};
			name = Release;
		};
		FF4BC78F1EE74A03004A74D7 /* Debug */ = {
			isa = XCBuildConfiguration;
			buildSettings = {
				BUNDLE_LOADER = "$(TEST_HOST)";
				INFOPLIST_FILE = AutoLayoutStoryboardTests/Info.plist;
				LD_RUNPATH_SEARCH_PATHS = "$(inherited) @executable_path/Frameworks @loader_path/Frameworks";
				PRODUCT_BUNDLE_IDENTIFIER = com.example.AutoLayoutStoryboardTests;
				PRODUCT_NAME = "$(TARGET_NAME)";
				TEST_HOST = "$(BUILT_PRODUCTS_DIR)/AutoLayoutStoryboard.app/AutoLayoutStoryboard";
			};
			name = Debug;
		};
		FF4BC7901EE74A03004A74D7 /* Release */ = {
			isa = XCBuildConfiguration;
			buildSettings = {
				BUNDLE_LOADER = "$(TEST_HOST)";
				INFOPLIST_FILE = AutoLayoutStoryboardTests/Info.plist;
				LD_RUNPATH_SEARCH_PATHS = "$(inherited) @executable_path/Frameworks @loader_path/Frameworks";
				PRODUCT_BUNDLE_IDENTIFIER = com.example.AutoLayoutStoryboardTests;
				PRODUCT_NAME = "$(TARGET_NAME)";
				TEST_HOST = "$(BUILT_PRODUCTS_DIR)/AutoLayoutStoryboard.app/AutoLayoutStoryboard";
			};
			name = Release;
		};
/* End XCBuildConfiguration section */

/* Begin XCConfigurationList section */
		FF4BC7641EE74A03004A74D7 /* Build configuration list for PBXProject "AutoLayoutStoryboard" */ = {
			isa = XCConfigurationList;
			buildConfigurations = (
				FF4BC7891EE74A03004A74D7 /* Debug */,
				FF4BC78A1EE74A03004A74D7 /* Release */,
			);
			defaultConfigurationIsVisible = 0;
			defaultConfigurationName = Release;
		};
		FF4BC78B1EE74A03004A74D7 /* Build configuration list for PBXNativeTarget "AutoLayoutStoryboard" */ = {
			isa = XCConfigurationList;
			buildConfigurations = (
				FF4BC78C1EE74A03004A74D7 /* Debug */,
				FF4BC78D1EE74A03004A74D7 /* Release */,
			);
			defaultConfigurationIsVisible = 0;
		};
		FF4BC78E1EE74A03004A74D7 /* Build configuration list for PBXNativeTarget "AutoLayoutStoryboardTests" */ = {
			isa = XCConfigurationList;
			buildConfigurations = (
				FF4BC78F1EE74A03004A74D7 /* Debug */,
				FF4BC7901EE74A03004A74D7 /* Release */,
			);
			defaultConfigurationIsVisible = 0;
		};
/* End XCConfigurationList section */
	};
	rootObject = FF4BC7611EE74A03004A74D7 /* Project object */;
}
